
Microsoft Visual Studio Solution File, Format Version 12.00
# Visual Studio Express 2012 for Web
Project("{FAE04EC0-301F-11D3-BF4B-00C04F79EFBC}") = "ToDo", "ToDo.csproj", "{BE75ADAE-D9FC-44E5-9316-2B421AB70CDC}"
EndProject
Global
	GlobalSection(TeamFoundationVersionControl) = preSolution
		SccNumberOfProjects = 2
		SccEnterpriseProvider = {4CA58AB2-18FA-4F8D-95D4-32DDF27D184C}
		SccTeamFoundationServer = https://devindow.tfspreview.com/defaultcollection
		SccLocalPath0 = .
		SccProjectUniqueName1 = ToDo.csproj
		SccLocalPath1 = .
	EndGlobalSection
	GlobalSection(SolutionConfigurationPlatforms) = preSolution
		Debug|Any CPU = Debug|Any CPU
		Release|Any CPU = Release|Any CPU
	EndGlobalSection
	GlobalSection(ProjectConfigurationPlatforms) = postSolution
		{BE75ADAE-D9FC-44E5-9316-2B421AB70CDC}.Debug|Any CPU.ActiveCfg = Debug|Any CPU
		{BE75ADAE-D9FC-44E5-9316-2B421AB70CDC}.Debug|Any CPU.Build.0 = Debug|Any CPU
		{BE75ADAE-D9FC-44E5-9316-2B421AB70CDC}.Release|Any CPU.ActiveCfg = Release|Any CPU
		{BE75ADAE-D9FC-44E5-9316-2B421AB70CDC}.Release|Any CPU.Build.0 = Release|Any CPU
	EndGlobalSection
	GlobalSection(SolutionProperties) = preSolution
		HideSolutionNode = FALSE
	EndGlobalSection
EndGlobal
